
Microsoft Visual Studio Solution File, Format Version 12.00
# Visual Studio for Mac
Project("{FAE04EC0-301F-11D3-BF4B-00C04F79EFBC}") = "Assembly-CSharp", "Assembly-CSharp.csproj", "{D7E0F356-D515-6723-5F4B-9970479E1DFB}"
EndProject
Project("{FAE04EC0-301F-11D3-BF4B-00C04F79EFBC}") = "Assembly-CSharp-Editor", "Assembly-CSharp-Editor.csproj", "{EBFCFF1C-3467-9AAB-ED16-62EE1F3BE30C}"
EndProject
Global
	GlobalSection(SolutionConfigurationPlatforms) = preSolution
		Debug|Any CPU = Debug|Any CPU
		Release|Any CPU = Release|Any CPU
	EndGlobalSection
	GlobalSection(ProjectConfigurationPlatforms) = postSolution
		{D7E0F356-D515-6723-5F4B-9970479E1DFB}.Debug|Any CPU.ActiveCfg = Debug|Any CPU
		{D7E0F356-D515-6723-5F4B-9970479E1DFB}.Debug|Any CPU.Build.0 = Debug|Any CPU
		{D7E0F356-D515-6723-5F4B-9970479E1DFB}.Release|Any CPU.ActiveCfg = Release|Any CPU
		{D7E0F356-D515-6723-5F4B-9970479E1DFB}.Release|Any CPU.Build.0 = Release|Any CPU
		{EBFCFF1C-3467-9AAB-ED16-62EE1F3BE30C}.Debug|Any CPU.ActiveCfg = Debug|Any CPU
		{EBFCFF1C-3467-9AAB-ED16-62EE1F3BE30C}.Debug|Any CPU.Build.0 = Debug|Any CPU
		{EBFCFF1C-3467-9AAB-ED16-62EE1F3BE30C}.Release|Any CPU.ActiveCfg = Release|Any CPU
		{EBFCFF1C-3467-9AAB-ED16-62EE1F3BE30C}.Release|Any CPU.Build.0 = Release|Any CPU
	EndGlobalSection
	GlobalSection(SolutionProperties) = preSolution
		HideSolutionNode = FALSE
	EndGlobalSection
EndGlobal
